// !$*UTF8*$!
{
	archiveVersion = 1;
	classes = {
	};
	objectVersion = 50;
	objects = {

/* Begin PBXBuildFile section */
		4855A0EC255F0AC4004867E0 /* Drawing_ToolsApp.swift in Sources */ = {isa = PBXBuildFile; fileRef = 4855A0EB255F0AC4004867E0 /* Drawing_ToolsApp.swift */; };
		4855A0EE255F0AC4004867E0 /* ContentView.swift in Sources */ = {isa = PBXBuildFile; fileRef = 4855A0ED255F0AC4004867E0 /* ContentView.swift */; };
		4855A0F0255F0AC5004867E0 /* Assets.xcassets in Resources */ = {isa = PBXBuildFile; fileRef = 4855A0EF255F0AC5004867E0 /* Assets.xcassets */; };
		4855A0F3255F0AC5004867E0 /* Preview Assets.xcassets in Resources */ = {isa = PBXBuildFile; fileRef = 4855A0F2255F0AC5004867E0 /* Preview Assets.xcassets */; };
		4855A102255F188C004867E0 /* MarkerView.swift in Sources */ = {isa = PBXBuildFile; fileRef = 4855A101255F188C004867E0 /* MarkerView.swift */; };
		4855A105255F28BE004867E0 /* Triangle.swift in Sources */ = {isa = PBXBuildFile; fileRef = 4855A104255F28BE004867E0 /* Triangle.swift */; };
		4855A108255F2922004867E0 /* BrushStem.swift in Sources */ = {isa = PBXBuildFile; fileRef = 4855A107255F2922004867E0 /* BrushStem.swift */; };
		4855A10B255F2A21004867E0 /* ChiselShape.swift in Sources */ = {isa = PBXBuildFile; fileRef = 4855A10A255F2A21004867E0 /* ChiselShape.swift */; };
		4855A10E255F2D93004867E0 /* BeerGlassShape.swift in Sources */ = {isa = PBXBuildFile; fileRef = 4855A10D255F2D92004867E0 /* BeerGlassShape.swift */; };
		4855A111255F2DBE004867E0 /* FlashlightShape.swift in Sources */ = {isa = PBXBuildFile; fileRef = 4855A110255F2DBE004867E0 /* FlashlightShape.swift */; };
		4855A116255F3500004867E0 /* Trapezoid.swift in Sources */ = {isa = PBXBuildFile; fileRef = 4855A115255F3500004867E0 /* Trapezoid.swift */; };
		4855A119255F3D7E004867E0 /* HorizontalLine.swift in Sources */ = {isa = PBXBuildFile; fileRef = 4855A118255F3D7E004867E0 /* HorizontalLine.swift */; };
		4855A11C255F47A1004867E0 /* MoleskinMarker.swift in Sources */ = {isa = PBXBuildFile; fileRef = 4855A11B255F47A1004867E0 /* MoleskinMarker.swift */; };
		4855A120255F51B3004867E0 /* AnyCornerRectangle.swift in Sources */ = {isa = PBXBuildFile; fileRef = 4855A11F255F51B3004867E0 /* AnyCornerRectangle.swift */; };
/* End PBXBuildFile section */

/* Begin PBXFileReference section */
		4855A0E8255F0AC4004867E0 /* Drawing-Tools.app */ = {isa = PBXFileReference; explicitFileType = wrapper.application; includeInIndex = 0; path = "Drawing-Tools.app"; sourceTree = BUILT_PRODUCTS_DIR; };
		4855A0EB255F0AC4004867E0 /* Drawing_ToolsApp.swift */ = {isa = PBXFileReference; lastKnownFileType = sourcecode.swift; path = Drawing_ToolsApp.swift; sourceTree = "<group>"; };
		4855A0ED255F0AC4004867E0 /* ContentView.swift */ = {isa = PBXFileReference; lastKnownFileType = sourcecode.swift; path = ContentView.swift; sourceTree = "<group>"; };
		4855A0EF255F0AC5004867E0 /* Assets.xcassets */ = {isa = PBXFileReference; lastKnownFileType = folder.assetcatalog; path = Assets.xcassets; sourceTree = "<group>"; };
		4855A0F2255F0AC5004867E0 /* Preview Assets.xcassets */ = {isa = PBXFileReference; lastKnownFileType = folder.assetcatalog; path = "Preview Assets.xcassets"; sourceTree = "<group>"; };
		4855A0F4255F0AC5004867E0 /* Info.plist */ = {isa = PBXFileReference; lastKnownFileType = text.plist.xml; path = Info.plist; sourceTree = "<group>"; };
		4855A101255F188C004867E0 /* MarkerView.swift */ = {isa = PBXFileReference; lastKnownFileType = sourcecode.swift; path = MarkerView.swift; sourceTree = "<group>"; };
		4855A104255F28BE004867E0 /* Triangle.swift */ = {isa = PBXFileReference; lastKnownFileType = sourcecode.swift; path = Triangle.swift; sourceTree = "<group>"; };
		4855A107255F2922004867E0 /* BrushStem.swift */ = {isa = PBXFileReference; lastKnownFileType = sourcecode.swift; path = BrushStem.swift; sourceTree = "<group>"; };
		4855A10A255F2A21004867E0 /* ChiselShape.swift */ = {isa = PBXFileReference; lastKnownFileType = sourcecode.swift; path = ChiselShape.swift; sourceTree = "<group>"; };
		4855A10D255F2D92004867E0 /* BeerGlassShape.swift */ = {isa = PBXFileReference; lastKnownFileType = sourcecode.swift; path = BeerGlassShape.swift; sourceTree = "<group>"; };
		4855A110255F2DBE004867E0 /* FlashlightShape.swift */ = {isa = PBXFileReference; lastKnownFileType = sourcecode.swift; path = FlashlightShape.swift; sourceTree = "<group>"; };
		4855A115255F3500004867E0 /* Trapezoid.swift */ = {isa = PBXFileReference; lastKnownFileType = sourcecode.swift; path = Trapezoid.swift; sourceTree = "<group>"; };
		4855A118255F3D7E004867E0 /* HorizontalLine.swift */ = {isa = PBXFileReference; lastKnownFileType = sourcecode.swift; path = HorizontalLine.swift; sourceTree = "<group>"; };
		4855A11B255F47A1004867E0 /* MoleskinMarker.swift */ = {isa = PBXFileReference; lastKnownFileType = sourcecode.swift; path = MoleskinMarker.swift; sourceTree = "<group>"; };
		4855A11F255F51B3004867E0 /* AnyCornerRectangle.swift */ = {isa = PBXFileReference; lastKnownFileType = sourcecode.swift; path = AnyCornerRectangle.swift; sourceTree = "<group>"; };
/* End PBXFileReference section */

/* Begin PBXFrameworksBuildPhase section */
		4855A0E5255F0AC4004867E0 /* Frameworks */ = {
			isa = PBXFrameworksBuildPhase;
			buildActionMask = 2147483647;
			files = (
			);
			runOnlyForDeploymentPostprocessing = 0;
		};
/* End PBXFrameworksBuildPhase section */

/* Begin PBXGroup section */
		4855A0DF255F0AC4004867E0 = {
			isa = PBXGroup;
			children = (
				4855A0EA255F0AC4004867E0 /* Drawing-Tools */,
				4855A0E9255F0AC4004867E0 /* Products */,
			);
			sourceTree = "<group>";
		};
		4855A0E9255F0AC4004867E0 /* Products */ = {
			isa = PBXGroup;
			children = (
				4855A0E8255F0AC4004867E0 /* Drawing-Tools.app */,
			);
			name = Products;
			sourceTree = "<group>";
		};
		4855A0EA255F0AC4004867E0 /* Drawing-Tools */ = {
			isa = PBXGroup;
			children = (
				4855A0EB255F0AC4004867E0 /* Drawing_ToolsApp.swift */,
				4855A0ED255F0AC4004867E0 /* ContentView.swift */,
				4855A101255F188C004867E0 /* MarkerView.swift */,
				4855A10D255F2D92004867E0 /* BeerGlassShape.swift */,
				4855A110255F2DBE004867E0 /* FlashlightShape.swift */,
				4855A104255F28BE004867E0 /* Triangle.swift */,
				4855A115255F3500004867E0 /* Trapezoid.swift */,
				4855A11B255F47A1004867E0 /* MoleskinMarker.swift */,
				4855A11F255F51B3004867E0 /* AnyCornerRectangle.swift */,
				4855A118255F3D7E004867E0 /* HorizontalLine.swift */,
				4855A107255F2922004867E0 /* BrushStem.swift */,
				4855A10A255F2A21004867E0 /* ChiselShape.swift */,
				4855A0EF255F0AC5004867E0 /* Assets.xcassets */,
				4855A0F4255F0AC5004867E0 /* Info.plist */,
				4855A0F1255F0AC5004867E0 /* Preview Content */,
			);
			path = "Drawing-Tools";
			sourceTree = "<group>";
		};
		4855A0F1255F0AC5004867E0 /* Preview Content */ = {
			isa = PBXGroup;
			children = (
				4855A0F2255F0AC5004867E0 /* Preview Assets.xcassets */,
			);
			path = "Preview Content";
			sourceTree = "<group>";
		};
/* End PBXGroup section */

/* Begin PBXNativeTarget section */
		4855A0E7255F0AC4004867E0 /* Drawing-Tools */ = {
			isa = PBXNativeTarget;
			buildConfigurationList = 4855A0F7255F0AC5004867E0 /* Build configuration list for PBXNativeTarget "Drawing-Tools" */;
			buildPhases = (
				4855A0E4255F0AC4004867E0 /* Sources */,
				4855A0E5255F0AC4004867E0 /* Frameworks */,
				4855A0E6255F0AC4004867E0 /* Resources */,
			);
			buildRules = (
			);
			dependencies = (
			);
			name = "Drawing-Tools";
			productName = "Drawing-Tools";
			productReference = 4855A0E8255F0AC4004867E0 /* Drawing-Tools.app */;
			productType = "com.apple.product-type.application";
		};
/* End PBXNativeTarget section */

/* Begin PBXProject section */
		4855A0E0255F0AC4004867E0 /* Project object */ = {
			isa = PBXProject;
			attributes = {
				LastSwiftUpdateCheck = 1200;
				LastUpgradeCheck = 1200;
				TargetAttributes = {
					4855A0E7255F0AC4004867E0 = {
						CreatedOnToolsVersion = 12.0;
					};
				};
			};
			buildConfigurationList = 4855A0E3255F0AC4004867E0 /* Build configuration list for PBXProject "Drawing-Tools" */;
			compatibilityVersion = "Xcode 9.3";
			developmentRegion = en;
			hasScannedForEncodings = 0;
			knownRegions = (
				en,
				Base,
			);
			mainGroup = 4855A0DF255F0AC4004867E0;
			productRefGroup = 4855A0E9255F0AC4004867E0 /* Products */;
			projectDirPath = "";
			projectRoot = "";
			targets = (
				4855A0E7255F0AC4004867E0 /* Drawing-Tools */,
			);
		};
/* End PBXProject section */

/* Begin PBXResourcesBuildPhase section */
		4855A0E6255F0AC4004867E0 /* Resources */ = {
			isa = PBXResourcesBuildPhase;
			buildActionMask = 2147483647;
			files = (
				4855A0F3255F0AC5004867E0 /* Preview Assets.xcassets in Resources */,
				4855A0F0255F0AC5004867E0 /* Assets.xcassets in Resources */,
			);
			runOnlyForDeploymentPostprocessing = 0;
		};
/* End PBXResourcesBuildPhase section */

/* Begin PBXSourcesBuildPhase section */
		4855A0E4255F0AC4004867E0 /* Sources */ = {
			isa = PBXSourcesBuildPhase;
			buildActionMask = 2147483647;
			files = (
				4855A0EE255F0AC4004867E0 /* ContentView.swift in Sources */,
				4855A105255F28BE004867E0 /* Triangle.swift in Sources */,
				4855A102255F188C004867E0 /* MarkerView.swift in Sources */,
				4855A10B255F2A21004867E0 /* ChiselShape.swift in Sources */,
				4855A10E255F2D93004867E0 /* BeerGlassShape.swift in Sources */,
				4855A111255F2DBE004867E0 /* FlashlightShape.swift in Sources */,
				4855A108255F2922004867E0 /* BrushStem.swift in Sources */,
				4855A116255F3500004867E0 /* Trapezoid.swift in Sources */,
				4855A11C255F47A1004867E0 /* MoleskinMarker.swift in Sources */,
				4855A120255F51B3004867E0 /* AnyCornerRectangle.swift in Sources */,
				4855A0EC255F0AC4004867E0 /* Drawing_ToolsApp.swift in Sources */,
				4855A119255F3D7E004867E0 /* HorizontalLine.swift in Sources */,
			);
			runOnlyForDeploymentPostprocessing = 0;
		};
/* End PBXSourcesBuildPhase section */

/* Begin XCBuildConfiguration section */
		4855A0F5255F0AC5004867E0 /* Debug */ = {
			isa = XCBuildConfiguration;
			buildSettings = {
				ALWAYS_SEARCH_USER_PATHS = NO;
				CLANG_ANALYZER_NONNULL = YES;
				CLANG_ANALYZER_NUMBER_OBJECT_CONVERSION = YES_AGGRESSIVE;
				CLANG_CXX_LANGUAGE_STANDARD = "gnu++14";
				CLANG_CXX_LIBRARY = "libc++";
				CLANG_ENABLE_MODULES = YES;
				CLANG_ENABLE_OBJC_ARC = YES;
				CLANG_ENABLE_OBJC_WEAK = YES;
				CLANG_WARN_BLOCK_CAPTURE_AUTORELEASING = YES;
				CLANG_WARN_BOOL_CONVERSION = YES;
				CLANG_WARN_COMMA = YES;
				CLANG_WARN_CONSTANT_CONVERSION = YES;
				CLANG_WARN_DEPRECATED_OBJC_IMPLEMENTATIONS = YES;
				CLANG_WARN_DIRECT_OBJC_ISA_USAGE = YES_ERROR;
				CLANG_WARN_DOCUMENTATION_COMMENTS = YES;
				CLANG_WARN_EMPTY_BODY = YES;
				CLANG_WARN_ENUM_CONVERSION = YES;
				CLANG_WARN_INFINITE_RECURSION = YES;
				CLANG_WARN_INT_CONVERSION = YES;
				CLANG_WARN_NON_LITERAL_NULL_CONVERSION = YES;
				CLANG_WARN_OBJC_IMPLICIT_RETAIN_SELF = YES;
				CLANG_WARN_OBJC_LITERAL_CONVERSION = YES;
				CLANG_WARN_OBJC_ROOT_CLASS = YES_ERROR;
				CLANG_WARN_QUOTED_INCLUDE_IN_FRAMEWORK_HEADER = YES;
				CLANG_WARN_RANGE_LOOP_ANALYSIS = YES;
				CLANG_WARN_STRICT_PROTOTYPES = YES;
				CLANG_WARN_SUSPICIOUS_MOVE = YES;
				CLANG_WARN_UNGUARDED_AVAILABILITY = YES_AGGRESSIVE;
				CLANG_WARN_UNREACHABLE_CODE = YES;
				CLANG_WARN__DUPLICATE_METHOD_MATCH = YES;
				COPY_PHASE_STRIP = NO;
				DEBUG_INFORMATION_FORMAT = dwarf;
				ENABLE_STRICT_OBJC_MSGSEND = YES;
				ENABLE_TESTABILITY = YES;
				GCC_C_LANGUAGE_STANDARD = gnu11;
				GCC_DYNAMIC_NO_PIC = NO;
				GCC_NO_COMMON_BLOCKS = YES;
				GCC_OPTIMIZATION_LEVEL = 0;
				GCC_PREPROCESSOR_DEFINITIONS = (
					"DEBUG=1",
					"$(inherited)",
				);
				GCC_WARN_64_TO_32_BIT_CONVERSION = YES;
				GCC_WARN_ABOUT_RETURN_TYPE = YES_ERROR;
				GCC_WARN_UNDECLARED_SELECTOR = YES;
				GCC_WARN_UNINITIALIZED_AUTOS = YES_AGGRESSIVE;
				GCC_WARN_UNUSED_FUNCTION = YES;
				GCC_WARN_UNUSED_VARIABLE = YES;
				IPHONEOS_DEPLOYMENT_TARGET = 14.0;
				MTL_ENABLE_DEBUG_INFO = INCLUDE_SOURCE;
				MTL_FAST_MATH = YES;
				ONLY_ACTIVE_ARCH = YES;
				SDKROOT = iphoneos;
				SWIFT_ACTIVE_COMPILATION_CONDITIONS = DEBUG;
				SWIFT_OPTIMIZATION_LEVEL = "-Onone";
			};
			name = Debug;
		};
		4855A0F6255F0AC5004867E0 /* Release */ = {
			isa = XCBuildConfiguration;
			buildSettings = {
				ALWAYS_SEARCH_USER_PATHS = NO;
				CLANG_ANALYZER_NONNULL = YES;
				CLANG_ANALYZER_NUMBER_OBJECT_CONVERSION = YES_AGGRESSIVE;
				CLANG_CXX_LANGUAGE_STANDARD = "gnu++14";
				CLANG_CXX_LIBRARY = "libc++";
				CLANG_ENABLE_MODULES = YES;
				CLANG_ENABLE_OBJC_ARC = YES;
				CLANG_ENABLE_OBJC_WEAK = YES;
				CLANG_WARN_BLOCK_CAPTURE_AUTORELEASING = YES;
				CLANG_WARN_BOOL_CONVERSION = YES;
				CLANG_WARN_COMMA = YES;
				CLANG_WARN_CONSTANT_CONVERSION = YES;
				CLANG_WARN_DEPRECATED_OBJC_IMPLEMENTATIONS = YES;
				CLANG_WARN_DIRECT_OBJC_ISA_USAGE = YES_ERROR;
				CLANG_WARN_DOCUMENTATION_COMMENTS = YES;
				CLANG_WARN_EMPTY_BODY = YES;
				CLANG_WARN_ENUM_CONVERSION = YES;
				CLANG_WARN_INFINITE_RECURSION = YES;
				CLANG_WARN_INT_CONVERSION = YES;
				CLANG_WARN_NON_LITERAL_NULL_CONVERSION = YES;
				CLANG_WARN_OBJC_IMPLICIT_RETAIN_SELF = YES;
				CLANG_WARN_OBJC_LITERAL_CONVERSION = YES;
				CLANG_WARN_OBJC_ROOT_CLASS = YES_ERROR;
				CLANG_WARN_QUOTED_INCLUDE_IN_FRAMEWORK_HEADER = YES;
				CLANG_WARN_RANGE_LOOP_ANALYSIS = YES;
				CLANG_WARN_STRICT_PROTOTYPES = YES;
				CLANG_WARN_SUSPICIOUS_MOVE = YES;
				CLANG_WARN_UNGUARDED_AVAILABILITY = YES_AGGRESSIVE;
				CLANG_WARN_UNREACHABLE_CODE = YES;
				CLANG_WARN__DUPLICATE_METHOD_MATCH = YES;
				COPY_PHASE_STRIP = NO;
				DEBUG_INFORMATION_FORMAT = "dwarf-with-dsym";
				ENABLE_NS_ASSERTIONS = NO;
				ENABLE_STRICT_OBJC_MSGSEND = YES;
				GCC_C_LANGUAGE_STANDARD = gnu11;
				GCC_NO_COMMON_BLOCKS = YES;
				GCC_WARN_64_TO_32_BIT_CONVERSION = YES;
				GCC_WARN_ABOUT_RETURN_TYPE = YES_ERROR;
				GCC_WARN_UNDECLARED_SELECTOR = YES;
				GCC_WARN_UNINITIALIZED_AUTOS = YES_AGGRESSIVE;
				GCC_WARN_UNUSED_FUNCTION = YES;
				GCC_WARN_UNUSED_VARIABLE = YES;
				IPHONEOS_DEPLOYMENT_TARGET = 14.0;
				MTL_ENABLE_DEBUG_INFO = NO;
				MTL_FAST_MATH = YES;
				SDKROOT = iphoneos;
				SWIFT_COMPILATION_MODE = wholemodule;
				SWIFT_OPTIMIZATION_LEVEL = "-O";
				VALIDATE_PRODUCT = YES;
			};
			name = Release;
		};
		4855A0F8255F0AC5004867E0 /* Debug */ = {
			isa = XCBuildConfiguration;
			buildSettings = {
				ASSETCATALOG_COMPILER_APPICON_NAME = AppIcon;
				ASSETCATALOG_COMPILER_GLOBAL_ACCENT_COLOR_NAME = AccentColor;
				CODE_SIGN_STYLE = Automatic;
				DEVELOPMENT_ASSET_PATHS = "\"Drawing-Tools/Preview Content\"";
				DEVELOPMENT_TEAM = CJ3HCZ6WWQ;
				ENABLE_PREVIEWS = YES;
				INFOPLIST_FILE = "Drawing-Tools/Info.plist";
				IPHONEOS_DEPLOYMENT_TARGET = 14.0;
				LD_RUNPATH_SEARCH_PATHS = (
					"$(inherited)",
					"@executable_path/Frameworks",
				);
				PRODUCT_BUNDLE_IDENTIFIER = "Kieran.Drawing-Tools";
				PRODUCT_NAME = "$(TARGET_NAME)";
				SWIFT_VERSION = 5.0;
				TARGETED_DEVICE_FAMILY = "1,2";
			};
			name = Debug;
		};
		4855A0F9255F0AC5004867E0 /* Release */ = {
			isa = XCBuildConfiguration;
			buildSettings = {
				ASSETCATALOG_COMPILER_APPICON_NAME = AppIcon;
				ASSETCATALOG_COMPILER_GLOBAL_ACCENT_COLOR_NAME = AccentColor;
				CODE_SIGN_STYLE = Automatic;
				DEVELOPMENT_ASSET_PATHS = "\"Drawing-Tools/Preview Content\"";
				DEVELOPMENT_TEAM = CJ3HCZ6WWQ;
				ENABLE_PREVIEWS = YES;
				INFOPLIST_FILE = "Drawing-Tools/Info.plist";
				IPHONEOS_DEPLOYMENT_TARGET = 14.0;
				LD_RUNPATH_SEARCH_PATHS = (
					"$(inherited)",
					"@executable_path/Frameworks",
				);
				PRODUCT_BUNDLE_IDENTIFIER = "Kieran.Drawing-Tools";
				PRODUCT_NAME = "$(TARGET_NAME)";
				SWIFT_VERSION = 5.0;
				TARGETED_DEVICE_FAMILY = "1,2";
			};
			name = Release;
		};
/* End XCBuildConfiguration section */

/* Begin XCConfigurationList section */
		4855A0E3255F0AC4004867E0 /* Build configuration list for PBXProject "Drawing-Tools" */ = {
			isa = XCConfigurationList;
			buildConfigurations = (
				4855A0F5255F0AC5004867E0 /* Debug */,
				4855A0F6255F0AC5004867E0 /* Release */,
			);
			defaultConfigurationIsVisible = 0;
			defaultConfigurationName = Release;
		};
		4855A0F7255F0AC5004867E0 /* Build configuration list for PBXNativeTarget "Drawing-Tools" */ = {
			isa = XCConfigurationList;
			buildConfigurations = (
				4855A0F8255F0AC5004867E0 /* Debug */,
				4855A0F9255F0AC5004867E0 /* Release */,
			);
			defaultConfigurationIsVisible = 0;
			defaultConfigurationName = Release;
		};
/* End XCConfigurationList section */
	};
	rootObject = 4855A0E0255F0AC4004867E0 /* Project object */;
}
